
Microsoft Visual Studio Solution File, Format Version 12.00
# Visual Studio Version 17
VisualStudioVersion = 17.12.35707.178
MinimumVisualStudioVersion = 10.0.40219.1
Project("{FAE04EC0-301F-11D3-BF4B-00C04F79EFBC}") = "SampleConsoleAppCheckout", "SampleConsoleAppCheckout.csproj", "{BAD35088-F3DC-423C-8B57-5DDA3E9E322A}"
EndProject
Project("{FAE04EC0-301F-11D3-BF4B-00C04F79EFBC}") = "SampleConsoleAppUploadOrder", "..\SampleConsoleAppUploadOrder\SampleConsoleAppUploadOrder.csproj", "{3AF397C5-9B78-4A67-91C1-E06B227B4EE1}"
EndProject
Project("{FAE04EC0-301F-11D3-BF4B-00C04F79EFBC}") = "SampleConsoleApp.Common", "..\SampleConsoleApp.Common\SampleConsoleApp.Common.csproj", "{8E3C8405-CC1B-483A-8252-CA412F7502B5}"
EndProject
Project("{FAE04EC0-301F-11D3-BF4B-00C04F79EFBC}") = "SampleConsoleAppAuthorizePayment", "..\SampleConsoleAppAuthorizePayment\SampleConsoleAppAuthorizePayment.csproj", "{B36C311C-265B-1F6E-223C-590C3ACE951D}"
EndProject
Global
	GlobalSection(SolutionConfigurationPlatforms) = preSolution
		Debug|Any CPU = Debug|Any CPU
		Release|Any CPU = Release|Any CPU
	EndGlobalSection
	GlobalSection(ProjectConfigurationPlatforms) = postSolution
		{BAD35088-F3DC-423C-8B57-5DDA3E9E322A}.Debug|Any CPU.ActiveCfg = Debug|Any CPU
		{BAD35088-F3DC-423C-8B57-5DDA3E9E322A}.Debug|Any CPU.Build.0 = Debug|Any CPU
		{BAD35088-F3DC-423C-8B57-5DDA3E9E322A}.Release|Any CPU.ActiveCfg = Release|Any CPU
		{BAD35088-F3DC-423C-8B57-5DDA3E9E322A}.Release|Any CPU.Build.0 = Release|Any CPU
		{3AF397C5-9B78-4A67-91C1-E06B227B4EE1}.Debug|Any CPU.ActiveCfg = Debug|Any CPU
		{3AF397C5-9B78-4A67-91C1-E06B227B4EE1}.Debug|Any CPU.Build.0 = Debug|Any CPU
		{3AF397C5-9B78-4A67-91C1-E06B227B4EE1}.Release|Any CPU.ActiveCfg = Release|Any CPU
		{3AF397C5-9B78-4A67-91C1-E06B227B4EE1}.Release|Any CPU.Build.0 = Release|Any CPU
		{8E3C8405-CC1B-483A-8252-CA412F7502B5}.Debug|Any CPU.ActiveCfg = Debug|Any CPU
		{8E3C8405-CC1B-483A-8252-CA412F7502B5}.Debug|Any CPU.Build.0 = Debug|Any CPU
		{8E3C8405-CC1B-483A-8252-CA412F7502B5}.Release|Any CPU.ActiveCfg = Release|Any CPU
		{8E3C8405-CC1B-483A-8252-CA412F7502B5}.Release|Any CPU.Build.0 = Release|Any CPU
		{B36C311C-265B-1F6E-223C-590C3ACE951D}.Debug|Any CPU.ActiveCfg = Debug|Any CPU
		{B36C311C-265B-1F6E-223C-590C3ACE951D}.Debug|Any CPU.Build.0 = Debug|Any CPU
		{B36C311C-265B-1F6E-223C-590C3ACE951D}.Release|Any CPU.ActiveCfg = Release|Any CPU
		{B36C311C-265B-1F6E-223C-590C3ACE951D}.Release|Any CPU.Build.0 = Release|Any CPU
	EndGlobalSection
	GlobalSection(SolutionProperties) = preSolution
		HideSolutionNode = FALSE
	EndGlobalSection
	GlobalSection(ExtensibilityGlobals) = postSolution
		SolutionGuid = {938F1C18-DF88-4B0B-9F56-2343AA10D9DB}
	EndGlobalSection
EndGlobal
