
Microsoft Visual Studio Solution File, Format Version 12.00
# Visual Studio Version 17
VisualStudioVersion = 17.11.35431.28
MinimumVisualStudioVersion = 10.0.40219.1
Project("{FAE04EC0-301F-11D3-BF4B-00C04F79EFBC}") = "FieldService.Optimize25.SetupVendorUser", "FieldService.Optimize25.SetupVendorUser.csproj", "{57AE9288-679E-47A1-865D-A42D3EBD6764}"
EndProject
Global
	GlobalSection(SolutionConfigurationPlatforms) = preSolution
		Debug|Any CPU = Debug|Any CPU
		Release|Any CPU = Release|Any CPU
	EndGlobalSection
	GlobalSection(ProjectConfigurationPlatforms) = postSolution
		{57AE9288-679E-47A1-865D-A42D3EBD6764}.Debug|Any CPU.ActiveCfg = Debug|Any CPU
		{57AE9288-679E-47A1-865D-A42D3EBD6764}.Debug|Any CPU.Build.0 = Debug|Any CPU
		{57AE9288-679E-47A1-865D-A42D3EBD6764}.Release|Any CPU.ActiveCfg = Release|Any CPU
		{57AE9288-679E-47A1-865D-A42D3EBD6764}.Release|Any CPU.Build.0 = Release|Any CPU
	EndGlobalSection
	GlobalSection(SolutionProperties) = preSolution
		HideSolutionNode = FALSE
	EndGlobalSection
	GlobalSection(ExtensibilityGlobals) = postSolution
		SolutionGuid = {944CE77B-238C-4395-BB2C-2A1183B1743C}
	EndGlobalSection
EndGlobal
