
Microsoft Visual Studio Solution File, Format Version 12.00
# Visual Studio Version 17
VisualStudioVersion = 17.10.35013.160
MinimumVisualStudioVersion = 10.0.40219.1
Project("{FC65038C-1B2F-41E1-A629-BED71D161FFF}") = "BatchTracing (USR) [BatchTracing]", "SABatchTracing\SABatchTracing.rnrproj", "{9A0404E5-D714-445F-8577-8A3FFCD41A8E}"
EndProject
Global
	GlobalSection(SolutionConfigurationPlatforms) = preSolution
		Debug|Any CPU = Debug|Any CPU
	EndGlobalSection
	GlobalSection(ProjectConfigurationPlatforms) = postSolution
		{9A0404E5-D714-445F-8577-8A3FFCD41A8E}.Debug|Any CPU.ActiveCfg = Debug|Any CPU
		{9A0404E5-D714-445F-8577-8A3FFCD41A8E}.Debug|Any CPU.Build.0 = Debug|Any CPU
	EndGlobalSection
	GlobalSection(SolutionProperties) = preSolution
		HideSolutionNode = FALSE
	EndGlobalSection
	GlobalSection(ExtensibilityGlobals) = postSolution
		SolutionGuid = {75528EE6-EA1E-4D54-A72C-4BEF990C2043}
	EndGlobalSection
EndGlobal
