
Microsoft Visual Studio Solution File, Format Version 12.00
# Visual Studio Version 16
VisualStudioVersion = 16.0.31105.61
MinimumVisualStudioVersion = 10.0.40219.1
Project("{9A19103F-16F7-4668-BE54-9A1E7A4F7556}") = "EntityStoreToSynapse", "EntityStoreToSynapse\EntityStoreToSynapse.csproj", "{99526687-4EC6-449E-A195-BDA9E169DCFA}"
EndProject
Project("{9A19103F-16F7-4668-BE54-9A1E7A4F7556}") = "Common", "Common\Common.csproj", "{8427DE91-B3DA-479A-9424-795F1920E859}"
EndProject
Project("{9A19103F-16F7-4668-BE54-9A1E7A4F7556}") = "EntityStoreMetadataExporter", "EntityStoreMetadataExporter\EntityStoreMetadataExporter.csproj", "{1D8B1490-862E-4448-903E-FE5593A75378}"
EndProject
Project("{2150E333-8FDC-42A3-9474-1A3956D46DE8}") = "SolutionItems", "SolutionItems", "{5E7696F5-E22F-40A1-90E6-4953C57FCBE9}"
	ProjectSection(SolutionItems) = preProject
		README.md = README.md
	EndProjectSection
EndProject
Project("{FAE04EC0-301F-11D3-BF4B-00C04F79EFBC}") = "SchemaComparer", "SchemaComparer\SchemaComparer.csproj", "{40AEA823-FA17-46E7-BC45-9F628F8C033F}"
EndProject
Global
	GlobalSection(SolutionConfigurationPlatforms) = preSolution
		Debug|Any CPU = Debug|Any CPU
		Debug|x64 = Debug|x64
		Release|Any CPU = Release|Any CPU
		Release|x64 = Release|x64
	EndGlobalSection
	GlobalSection(ProjectConfigurationPlatforms) = postSolution
		{99526687-4EC6-449E-A195-BDA9E169DCFA}.Debug|Any CPU.ActiveCfg = Debug|x64
		{99526687-4EC6-449E-A195-BDA9E169DCFA}.Debug|Any CPU.Build.0 = Debug|x64
		{99526687-4EC6-449E-A195-BDA9E169DCFA}.Debug|x64.ActiveCfg = Debug|x64
		{99526687-4EC6-449E-A195-BDA9E169DCFA}.Debug|x64.Build.0 = Debug|x64
		{99526687-4EC6-449E-A195-BDA9E169DCFA}.Release|Any CPU.ActiveCfg = Release|x64
		{99526687-4EC6-449E-A195-BDA9E169DCFA}.Release|x64.ActiveCfg = Release|x64
		{99526687-4EC6-449E-A195-BDA9E169DCFA}.Release|x64.Build.0 = Release|x64
		{8427DE91-B3DA-479A-9424-795F1920E859}.Debug|Any CPU.ActiveCfg = Debug|x64
		{8427DE91-B3DA-479A-9424-795F1920E859}.Debug|Any CPU.Build.0 = Debug|x64
		{8427DE91-B3DA-479A-9424-795F1920E859}.Debug|x64.ActiveCfg = Debug|x64
		{8427DE91-B3DA-479A-9424-795F1920E859}.Debug|x64.Build.0 = Debug|x64
		{8427DE91-B3DA-479A-9424-795F1920E859}.Release|Any CPU.ActiveCfg = Release|x64
		{8427DE91-B3DA-479A-9424-795F1920E859}.Release|x64.ActiveCfg = Release|x64
		{8427DE91-B3DA-479A-9424-795F1920E859}.Release|x64.Build.0 = Release|x64
		{1D8B1490-862E-4448-903E-FE5593A75378}.Debug|Any CPU.ActiveCfg = Debug|x64
		{1D8B1490-862E-4448-903E-FE5593A75378}.Debug|Any CPU.Build.0 = Debug|x64
		{1D8B1490-862E-4448-903E-FE5593A75378}.Debug|x64.ActiveCfg = Debug|x64
		{1D8B1490-862E-4448-903E-FE5593A75378}.Debug|x64.Build.0 = Debug|x64
		{1D8B1490-862E-4448-903E-FE5593A75378}.Release|Any CPU.ActiveCfg = Release|x64
		{1D8B1490-862E-4448-903E-FE5593A75378}.Release|x64.ActiveCfg = Release|x64
		{1D8B1490-862E-4448-903E-FE5593A75378}.Release|x64.Build.0 = Release|x64
		{40AEA823-FA17-46E7-BC45-9F628F8C033F}.Debug|Any CPU.ActiveCfg = Debug|x64
		{40AEA823-FA17-46E7-BC45-9F628F8C033F}.Debug|x64.ActiveCfg = Debug|x64
		{40AEA823-FA17-46E7-BC45-9F628F8C033F}.Debug|x64.Build.0 = Debug|x64
		{40AEA823-FA17-46E7-BC45-9F628F8C033F}.Release|Any CPU.ActiveCfg = Release|x64
		{40AEA823-FA17-46E7-BC45-9F628F8C033F}.Release|x64.ActiveCfg = Release|x64
		{40AEA823-FA17-46E7-BC45-9F628F8C033F}.Release|x64.Build.0 = Release|x64
	EndGlobalSection
	GlobalSection(SolutionProperties) = preSolution
		HideSolutionNode = FALSE
	EndGlobalSection
	GlobalSection(ExtensibilityGlobals) = postSolution
		SolutionGuid = {DE613696-185B-4203-BFA8-18C674B1CC3E}
	EndGlobalSection
EndGlobal
