
Microsoft Visual Studio Solution File, Format Version 12.00
# Visual Studio Version 17
VisualStudioVersion = 17.11.35431.28
MinimumVisualStudioVersion = 10.0.40219.1
Project("{9A19103F-16F7-4668-BE54-9A1E7A4F7556}") = "ProductPublisher.Core", "ProductPublisher.Core\ProductPublisher.Core.csproj", "{8BF6AA83-F55C-4F26-ADC4-381DEC270109}"
EndProject
Project("{9A19103F-16F7-4668-BE54-9A1E7A4F7556}") = "ProductPublisherApp", "ProductPublisherApp\ProductPublisherApp.csproj", "{77A3279E-85B9-4BBB-9E25-061FD76352DB}"
EndProject
Global
	GlobalSection(SolutionConfigurationPlatforms) = preSolution
		Debug|Any CPU = Debug|Any CPU
		Release|Any CPU = Release|Any CPU
	EndGlobalSection
	GlobalSection(ProjectConfigurationPlatforms) = postSolution
		{8BF6AA83-F55C-4F26-ADC4-381DEC270109}.Debug|Any CPU.ActiveCfg = Debug|Any CPU
		{8BF6AA83-F55C-4F26-ADC4-381DEC270109}.Debug|Any CPU.Build.0 = Debug|Any CPU
		{8BF6AA83-F55C-4F26-ADC4-381DEC270109}.Release|Any CPU.ActiveCfg = Release|Any CPU
		{8BF6AA83-F55C-4F26-ADC4-381DEC270109}.Release|Any CPU.Build.0 = Release|Any CPU
		{77A3279E-85B9-4BBB-9E25-061FD76352DB}.Debug|Any CPU.ActiveCfg = Debug|Any CPU
		{77A3279E-85B9-4BBB-9E25-061FD76352DB}.Debug|Any CPU.Build.0 = Debug|Any CPU
		{77A3279E-85B9-4BBB-9E25-061FD76352DB}.Release|Any CPU.ActiveCfg = Release|Any CPU
		{77A3279E-85B9-4BBB-9E25-061FD76352DB}.Release|Any CPU.Build.0 = Release|Any CPU
	EndGlobalSection
	GlobalSection(SolutionProperties) = preSolution
		HideSolutionNode = FALSE
	EndGlobalSection
	GlobalSection(ExtensibilityGlobals) = postSolution
		SolutionGuid = {88F288E7-6A90-4507-A103-3455ECCE66BC}
	EndGlobalSection
EndGlobal
