{
    "name": "report-webresource",
    "version": "1.0.0",
    "lockfileVersion": 3,
    "requires": true,
    "packages": {
        "": {
            "name": "report-webresource",
            "version": "1.0.0",
            "devDependencies": {
                "@types/xrm": "^9.0.82"
            }
        },
        "node_modules/@types/xrm": {
            "version": "9.0.82",
            "resolved": "https://registry.npmjs.org/@types/xrm/-/xrm-9.0.82.tgz",
            "integrity": "sha512-bJcwTqUUXkwaDfEvDsFMkIy3Ia8LJ4+ybp3HBfQv3osZUMddwDPuv1bLUpuFB3SOUlTqEybcAyN3rYatSsokJA==",
            "dev": true
        }
    }
}
