
Microsoft Visual Studio Solution File, Format Version 12.00
# Visual Studio Version 16
VisualStudioVersion = 16.0.29306.81
MinimumVisualStudioVersion = 10.0.40219.1
Project("{9A19103F-16F7-4668-BE54-9A1E7A4F7556}") = "Microsoft.CommonDataModel.ObjectModel", "CDM.ObjectModel\Microsoft.CommonDataModel.ObjectModel.csproj", "{A8E623D4-3958-43D7-A5BE-3222C351F40E}"
EndProject
Project("{9A19103F-16F7-4668-BE54-9A1E7A4F7556}") = "Microsoft.CommonDataModel.ObjectModel.Adapter.Adls", "CDM.ObjectModel.Adapter.Adls\Microsoft.CommonDataModel.ObjectModel.Adapter.Adls.csproj", "{EA3C7947-97C3-4076-A559-B7A24F8D9E9D}"
EndProject
Project("{9A19103F-16F7-4668-BE54-9A1E7A4F7556}") = "CDMUtil", "CDMUtil\CDMUtil.csproj", "{87642509-1043-4A55-97C4-64871F066587}"
EndProject
Project("{2150E333-8FDC-42A3-9474-1A3956D46DE8}") = "CDMSDK", "CDMSDK", "{49ACF932-B5AB-472F-B764-6B038A5AEC62}"
EndProject
Project("{2150E333-8FDC-42A3-9474-1A3956D46DE8}") = "CDMUtility", "CDMUtility", "{12291A53-D7C6-42A8-8066-993B09EEED98}"
EndProject
Project("{2150E333-8FDC-42A3-9474-1A3956D46DE8}") = "Clients", "Clients", "{C46DBC7B-EF55-4C53-B315-5752106D3D8E}"
EndProject
Project("{9A19103F-16F7-4668-BE54-9A1E7A4F7556}") = "CDMUtil_AzureFunctions", "CDMUtil_AzureFunctions\CDMUtil_AzureFunctions.csproj", "{ED17B273-9421-481E-9D5E-83266DBBCA23}"
EndProject
Project("{9A19103F-16F7-4668-BE54-9A1E7A4F7556}") = "CDMUtil_ConsoleApp", "CDMUtil_ConsoleApp\CDMUtil_ConsoleApp.csproj", "{03EBE056-0C7B-4982-82CE-732AEF615291}"
EndProject
Global
	GlobalSection(SolutionConfigurationPlatforms) = preSolution
		Debug|Any CPU = Debug|Any CPU
		Debug|x64 = Debug|x64
		Dev|Any CPU = Dev|Any CPU
		Dev|x64 = Dev|x64
		Release|Any CPU = Release|Any CPU
		Release|x64 = Release|x64
	EndGlobalSection
	GlobalSection(ProjectConfigurationPlatforms) = postSolution
		{A8E623D4-3958-43D7-A5BE-3222C351F40E}.Debug|Any CPU.ActiveCfg = Debug|Any CPU
		{A8E623D4-3958-43D7-A5BE-3222C351F40E}.Debug|Any CPU.Build.0 = Debug|Any CPU
		{A8E623D4-3958-43D7-A5BE-3222C351F40E}.Debug|x64.ActiveCfg = Debug|x64
		{A8E623D4-3958-43D7-A5BE-3222C351F40E}.Debug|x64.Build.0 = Debug|x64
		{A8E623D4-3958-43D7-A5BE-3222C351F40E}.Dev|Any CPU.ActiveCfg = Dev|Any CPU
		{A8E623D4-3958-43D7-A5BE-3222C351F40E}.Dev|Any CPU.Build.0 = Dev|Any CPU
		{A8E623D4-3958-43D7-A5BE-3222C351F40E}.Dev|x64.ActiveCfg = Dev|x64
		{A8E623D4-3958-43D7-A5BE-3222C351F40E}.Dev|x64.Build.0 = Dev|x64
		{A8E623D4-3958-43D7-A5BE-3222C351F40E}.Release|Any CPU.ActiveCfg = Release|Any CPU
		{A8E623D4-3958-43D7-A5BE-3222C351F40E}.Release|Any CPU.Build.0 = Release|Any CPU
		{A8E623D4-3958-43D7-A5BE-3222C351F40E}.Release|x64.ActiveCfg = Release|x64
		{A8E623D4-3958-43D7-A5BE-3222C351F40E}.Release|x64.Build.0 = Release|x64
		{EA3C7947-97C3-4076-A559-B7A24F8D9E9D}.Debug|Any CPU.ActiveCfg = Debug|Any CPU
		{EA3C7947-97C3-4076-A559-B7A24F8D9E9D}.Debug|Any CPU.Build.0 = Debug|Any CPU
		{EA3C7947-97C3-4076-A559-B7A24F8D9E9D}.Debug|x64.ActiveCfg = Debug|x64
		{EA3C7947-97C3-4076-A559-B7A24F8D9E9D}.Debug|x64.Build.0 = Debug|x64
		{EA3C7947-97C3-4076-A559-B7A24F8D9E9D}.Dev|Any CPU.ActiveCfg = Dev|Any CPU
		{EA3C7947-97C3-4076-A559-B7A24F8D9E9D}.Dev|Any CPU.Build.0 = Dev|Any CPU
		{EA3C7947-97C3-4076-A559-B7A24F8D9E9D}.Dev|x64.ActiveCfg = Dev|x64
		{EA3C7947-97C3-4076-A559-B7A24F8D9E9D}.Dev|x64.Build.0 = Dev|x64
		{EA3C7947-97C3-4076-A559-B7A24F8D9E9D}.Release|Any CPU.ActiveCfg = Release|Any CPU
		{EA3C7947-97C3-4076-A559-B7A24F8D9E9D}.Release|Any CPU.Build.0 = Release|Any CPU
		{EA3C7947-97C3-4076-A559-B7A24F8D9E9D}.Release|x64.ActiveCfg = Release|x64
		{EA3C7947-97C3-4076-A559-B7A24F8D9E9D}.Release|x64.Build.0 = Release|x64
		{87642509-1043-4A55-97C4-64871F066587}.Debug|Any CPU.ActiveCfg = Debug|Any CPU
		{87642509-1043-4A55-97C4-64871F066587}.Debug|Any CPU.Build.0 = Debug|Any CPU
		{87642509-1043-4A55-97C4-64871F066587}.Debug|x64.ActiveCfg = Debug|Any CPU
		{87642509-1043-4A55-97C4-64871F066587}.Debug|x64.Build.0 = Debug|Any CPU
		{87642509-1043-4A55-97C4-64871F066587}.Dev|Any CPU.ActiveCfg = Dev|Any CPU
		{87642509-1043-4A55-97C4-64871F066587}.Dev|Any CPU.Build.0 = Dev|Any CPU
		{87642509-1043-4A55-97C4-64871F066587}.Dev|x64.ActiveCfg = Dev|Any CPU
		{87642509-1043-4A55-97C4-64871F066587}.Dev|x64.Build.0 = Dev|Any CPU
		{87642509-1043-4A55-97C4-64871F066587}.Release|Any CPU.ActiveCfg = Release|Any CPU
		{87642509-1043-4A55-97C4-64871F066587}.Release|Any CPU.Build.0 = Release|Any CPU
		{87642509-1043-4A55-97C4-64871F066587}.Release|x64.ActiveCfg = Release|Any CPU
		{87642509-1043-4A55-97C4-64871F066587}.Release|x64.Build.0 = Release|Any CPU
		{ED17B273-9421-481E-9D5E-83266DBBCA23}.Debug|Any CPU.ActiveCfg = Debug|Any CPU
		{ED17B273-9421-481E-9D5E-83266DBBCA23}.Debug|Any CPU.Build.0 = Debug|Any CPU
		{ED17B273-9421-481E-9D5E-83266DBBCA23}.Debug|x64.ActiveCfg = Debug|Any CPU
		{ED17B273-9421-481E-9D5E-83266DBBCA23}.Debug|x64.Build.0 = Debug|Any CPU
		{ED17B273-9421-481E-9D5E-83266DBBCA23}.Dev|Any CPU.ActiveCfg = Debug|Any CPU
		{ED17B273-9421-481E-9D5E-83266DBBCA23}.Dev|Any CPU.Build.0 = Debug|Any CPU
		{ED17B273-9421-481E-9D5E-83266DBBCA23}.Dev|x64.ActiveCfg = Debug|Any CPU
		{ED17B273-9421-481E-9D5E-83266DBBCA23}.Dev|x64.Build.0 = Debug|Any CPU
		{ED17B273-9421-481E-9D5E-83266DBBCA23}.Release|Any CPU.ActiveCfg = Release|Any CPU
		{ED17B273-9421-481E-9D5E-83266DBBCA23}.Release|Any CPU.Build.0 = Release|Any CPU
		{ED17B273-9421-481E-9D5E-83266DBBCA23}.Release|x64.ActiveCfg = Release|Any CPU
		{ED17B273-9421-481E-9D5E-83266DBBCA23}.Release|x64.Build.0 = Release|Any CPU
		{03EBE056-0C7B-4982-82CE-732AEF615291}.Debug|Any CPU.ActiveCfg = Debug|Any CPU
		{03EBE056-0C7B-4982-82CE-732AEF615291}.Debug|Any CPU.Build.0 = Debug|Any CPU
		{03EBE056-0C7B-4982-82CE-732AEF615291}.Debug|x64.ActiveCfg = Debug|Any CPU
		{03EBE056-0C7B-4982-82CE-732AEF615291}.Debug|x64.Build.0 = Debug|Any CPU
		{03EBE056-0C7B-4982-82CE-732AEF615291}.Dev|Any CPU.ActiveCfg = Debug|Any CPU
		{03EBE056-0C7B-4982-82CE-732AEF615291}.Dev|Any CPU.Build.0 = Debug|Any CPU
		{03EBE056-0C7B-4982-82CE-732AEF615291}.Dev|x64.ActiveCfg = Debug|Any CPU
		{03EBE056-0C7B-4982-82CE-732AEF615291}.Dev|x64.Build.0 = Debug|Any CPU
		{03EBE056-0C7B-4982-82CE-732AEF615291}.Release|Any CPU.ActiveCfg = Release|Any CPU
		{03EBE056-0C7B-4982-82CE-732AEF615291}.Release|Any CPU.Build.0 = Release|Any CPU
		{03EBE056-0C7B-4982-82CE-732AEF615291}.Release|x64.ActiveCfg = Release|Any CPU
		{03EBE056-0C7B-4982-82CE-732AEF615291}.Release|x64.Build.0 = Release|Any CPU
	EndGlobalSection
	GlobalSection(SolutionProperties) = preSolution
		HideSolutionNode = FALSE
	EndGlobalSection
	GlobalSection(NestedProjects) = preSolution
		{A8E623D4-3958-43D7-A5BE-3222C351F40E} = {49ACF932-B5AB-472F-B764-6B038A5AEC62}
		{EA3C7947-97C3-4076-A559-B7A24F8D9E9D} = {49ACF932-B5AB-472F-B764-6B038A5AEC62}
		{87642509-1043-4A55-97C4-64871F066587} = {12291A53-D7C6-42A8-8066-993B09EEED98}
		{ED17B273-9421-481E-9D5E-83266DBBCA23} = {C46DBC7B-EF55-4C53-B315-5752106D3D8E}
		{03EBE056-0C7B-4982-82CE-732AEF615291} = {C46DBC7B-EF55-4C53-B315-5752106D3D8E}
	EndGlobalSection
	GlobalSection(ExtensibilityGlobals) = postSolution
		SolutionGuid = {C72DBB21-913E-4E89-AD9D-07644FD0556C}
	EndGlobalSection
EndGlobal
