
Microsoft Visual Studio Solution File, Format Version 12.00
# Visual Studio Version 17
VisualStudioVersion = 17.14.36811.4 d17.14
MinimumVisualStudioVersion = 10.0.40219.1
Project("{FAE04EC0-301F-11D3-BF4B-00C04F79EFBC}") = "DatabaseMetricsService", "DatabaseMetricsService.csproj", "{A1BD855E-1F62-F695-1E07-CE21095A8FDF}"
EndProject
Global
	GlobalSection(SolutionConfigurationPlatforms) = preSolution
		Debug|Any CPU = Debug|Any CPU
		Release|Any CPU = Release|Any CPU
	EndGlobalSection
	GlobalSection(ProjectConfigurationPlatforms) = postSolution
		{A1BD855E-1F62-F695-1E07-CE21095A8FDF}.Debug|Any CPU.ActiveCfg = Debug|Any CPU
		{A1BD855E-1F62-F695-1E07-CE21095A8FDF}.Debug|Any CPU.Build.0 = Debug|Any CPU
		{A1BD855E-1F62-F695-1E07-CE21095A8FDF}.Release|Any CPU.ActiveCfg = Release|Any CPU
		{A1BD855E-1F62-F695-1E07-CE21095A8FDF}.Release|Any CPU.Build.0 = Release|Any CPU
	EndGlobalSection
	GlobalSection(SolutionProperties) = preSolution
		HideSolutionNode = FALSE
	EndGlobalSection
	GlobalSection(ExtensibilityGlobals) = postSolution
		SolutionGuid = {B8FAA6D3-B17C-40D9-ABCF-6BC6D8E708F4}
	EndGlobalSection
EndGlobal
