
Microsoft Visual Studio Solution File, Format Version 12.00
# Visual Studio 15
VisualStudioVersion = 15.0.28307.1209
MinimumVisualStudioVersion = 10.0.40219.1
Project("{9A19103F-16F7-4668-BE54-9A1E7A4F7556}") = "Crt.InventoryAvailability", "Crt.InventoryAvailability\Crt.InventoryAvailability.csproj", "{69EA2784-ACDB-40B3-B1B2-7CBD0539EAD4}"
EndProject
Project("{9A19103F-16F7-4668-BE54-9A1E7A4F7556}") = "Crt.NegativeInventoryCheck", "Crt.NegativeInventoryCheck\Crt.NegativeInventoryCheck.csproj", "{E48F36FF-161B-4FC9-9715-2949600134CC}"
EndProject
Global
	GlobalSection(SolutionConfigurationPlatforms) = preSolution
		Debug|Any CPU = Debug|Any CPU
		Release|Any CPU = Release|Any CPU
	EndGlobalSection
	GlobalSection(ProjectConfigurationPlatforms) = postSolution
		{69EA2784-ACDB-40B3-B1B2-7CBD0539EAD4}.Debug|Any CPU.ActiveCfg = Debug|Any CPU
		{69EA2784-ACDB-40B3-B1B2-7CBD0539EAD4}.Debug|Any CPU.Build.0 = Debug|Any CPU
		{69EA2784-ACDB-40B3-B1B2-7CBD0539EAD4}.Release|Any CPU.ActiveCfg = Release|Any CPU
		{69EA2784-ACDB-40B3-B1B2-7CBD0539EAD4}.Release|Any CPU.Build.0 = Release|Any CPU
		{E48F36FF-161B-4FC9-9715-2949600134CC}.Debug|Any CPU.ActiveCfg = Debug|Any CPU
		{E48F36FF-161B-4FC9-9715-2949600134CC}.Debug|Any CPU.Build.0 = Debug|Any CPU
		{E48F36FF-161B-4FC9-9715-2949600134CC}.Release|Any CPU.ActiveCfg = Release|Any CPU
		{E48F36FF-161B-4FC9-9715-2949600134CC}.Release|Any CPU.Build.0 = Release|Any CPU
	EndGlobalSection
	GlobalSection(SolutionProperties) = preSolution
		HideSolutionNode = FALSE
	EndGlobalSection
	GlobalSection(ExtensibilityGlobals) = postSolution
		SolutionGuid = {4B317892-50C4-47C2-9347-47922A8FD757}
	EndGlobalSection
EndGlobal
