
Microsoft Visual Studio Solution File, Format Version 12.00
# Visual Studio Version 16
VisualStudioVersion = 16.0.33529.622
MinimumVisualStudioVersion = 10.0.40219.1
Project("{FAE04EC0-301F-11D3-BF4B-00C04F79EFBC}") = "TokenTester", "TokenTester\TokenTester.csproj", "{7E018393-3FC2-4315-8EED-A25D0ABCC41D}"
EndProject
Global
	GlobalSection(SolutionConfigurationPlatforms) = preSolution
		Debug|Any CPU = Debug|Any CPU
		Release|Any CPU = Release|Any CPU
	EndGlobalSection
	GlobalSection(ProjectConfigurationPlatforms) = postSolution
		{7E018393-3FC2-4315-8EED-A25D0ABCC41D}.Debug|Any CPU.ActiveCfg = Debug|Any CPU
		{7E018393-3FC2-4315-8EED-A25D0ABCC41D}.Debug|Any CPU.Build.0 = Debug|Any CPU
		{7E018393-3FC2-4315-8EED-A25D0ABCC41D}.Release|Any CPU.ActiveCfg = Release|Any CPU
		{7E018393-3FC2-4315-8EED-A25D0ABCC41D}.Release|Any CPU.Build.0 = Release|Any CPU
	EndGlobalSection
	GlobalSection(SolutionProperties) = preSolution
		HideSolutionNode = FALSE
	EndGlobalSection
	GlobalSection(ExtensibilityGlobals) = postSolution
		SolutionGuid = {F784E436-7C36-4478-8CA6-F71C41186675}
	EndGlobalSection
EndGlobal
